
Microsoft Visual Studio Solution File, Format Version 9.00
# Visual C# Express 2005
Project("{FAE04EC0-301F-11D3-BF4B-00C04F79EFBC}") = "Flightsim", "Flightsim\Flightsim.csproj", "{E3B42254-C595-4E68-94DB-F8473BDFFD2D}"
EndProject
Global
	GlobalSection(SolutionConfigurationPlatforms) = preSolution
		Debug|x86 = Debug|x86
		Release|x86 = Release|x86
	EndGlobalSection
	GlobalSection(ProjectConfigurationPlatforms) = postSolution
		{E3B42254-C595-4E68-94DB-F8473BDFFD2D}.Debug|x86.ActiveCfg = Debug|x86
		{E3B42254-C595-4E68-94DB-F8473BDFFD2D}.Debug|x86.Build.0 = Debug|x86
		{E3B42254-C595-4E68-94DB-F8473BDFFD2D}.Release|x86.ActiveCfg = Release|x86
		{E3B42254-C595-4E68-94DB-F8473BDFFD2D}.Release|x86.Build.0 = Release|x86
	EndGlobalSection
	GlobalSection(SolutionProperties) = preSolution
		HideSolutionNode = FALSE
	EndGlobalSection
EndGlobal
